
Microsoft Visual Studio Solution File, Format Version 12.00
# Visual Studio Version 17
VisualStudioVersion = 17.0.31903.59
MinimumVisualStudioVersion = 10.0.40219.1
Project("{2150E333-8FDC-42A3-9474-1A3956D46DE8}") = "src", "src", "{827E0CD3-B72D-47B6-A68D-7590B98EB39B}"
EndProject
Project("{FAE04EC0-301F-11D3-BF4B-00C04F79EFBC}") = "HookVerse.Api", "src\HookVerse.Api\HookVerse.Api.csproj", "{296D7CE4-8816-4586-A0EC-644D8E0D0586}"
EndProject
Project("{FAE04EC0-301F-11D3-BF4B-00C04F79EFBC}") = "HookVerse.Core", "src\HookVerse.Core\HookVerse.Core.csproj", "{8BF3661A-A6D7-4D5E-BA90-A0C03FD510B9}"
EndProject
Project("{FAE04EC0-301F-11D3-BF4B-00C04F79EFBC}") = "HookVerse.Infrastructure", "src\HookVerse.Infrastructure\HookVerse.Infrastructure.csproj", "{63B5D28A-FCC5-4B4E-A67B-2C52DE62CF81}"
EndProject
Project("{FAE04EC0-301F-11D3-BF4B-00C04F79EFBC}") = "HookVerse.Worker", "src\HookVerse.Worker\HookVerse.Worker.csproj", "{2C6DD7EB-38B0-4F74-90AE-F429ACE54819}"
EndProject
Project("{FAE04EC0-301F-11D3-BF4B-00C04F79EFBC}") = "HookVerse.Dashboard", "src\HookVerse.Dashboard\HookVerse.Dashboard.csproj", "{1BF1376C-819A-48EF-A886-6D54CC97DE5F}"
EndProject
Project("{FAE04EC0-301F-11D3-BF4B-00C04F79EFBC}") = "HookVerse.Shared", "src\HookVerse.Shared\HookVerse.Shared.csproj", "{72C5BE52-153F-4C99-850B-1BA155CD9D78}"
EndProject
Project("{2150E333-8FDC-42A3-9474-1A3956D46DE8}") = "tests", "tests", "{0AB3BF05-4346-4AA6-1389-037BE0695223}"
EndProject
Project("{FAE04EC0-301F-11D3-BF4B-00C04F79EFBC}") = "HookVerse.Api.Tests", "tests\HookVerse.Api.Tests\HookVerse.Api.Tests.csproj", "{0EB526BC-9EFE-48FC-BD9A-0A172F4F6ABF}"
EndProject
Project("{FAE04EC0-301F-11D3-BF4B-00C04F79EFBC}") = "HookVerse.Core.Tests", "tests\HookVerse.Core.Tests\HookVerse.Core.Tests.csproj", "{D5FD95B6-8C56-4A17-AD10-A53100683195}"
EndProject
Project("{FAE04EC0-301F-11D3-BF4B-00C04F79EFBC}") = "HookVerse.Integration.Tests", "tests\HookVerse.Integration.Tests\HookVerse.Integration.Tests.csproj", "{17485253-4459-42EE-B8BC-9301029B7D6F}"
EndProject
Project("{FAE04EC0-301F-11D3-BF4B-00C04F79EFBC}") = "HookVerse.Contract.Tests", "tests\HookVerse.Contract.Tests\HookVerse.Contract.Tests.csproj", "{9BCBCE12-0997-4D7B-A2BF-87AB190FFA1F}"
EndProject
Project("{FAE04EC0-301F-11D3-BF4B-00C04F79EFBC}") = "HookVerse.AppHost", "src\HookVerse.AppHost\HookVerse.AppHost.csproj", "{8CDEB7B9-41CA-476A-A672-C7C85D5A2402}"
EndProject
Project("{FAE04EC0-301F-11D3-BF4B-00C04F79EFBC}") = "HookVerse.ServiceDefaults", "src\HookVerse.ServiceDefaults\HookVerse.ServiceDefaults.csproj", "{92A311C9-C6DD-4CA8-ABE8-07055FD36D39}"
EndProject
Project("{FAE04EC0-301F-11D3-BF4B-00C04F79EFBC}") = "HookVerse.AppHost.Tests", "tests\HookVerse.AppHost.Tests\HookVerse.AppHost.Tests.csproj", "{1FD2E135-9531-44E8-848F-A4AFED409063}"
EndProject
Global
	GlobalSection(SolutionConfigurationPlatforms) = preSolution
		Debug|Any CPU = Debug|Any CPU
		Debug|x64 = Debug|x64
		Debug|x86 = Debug|x86
		Release|Any CPU = Release|Any CPU
		Release|x64 = Release|x64
		Release|x86 = Release|x86
	EndGlobalSection
	GlobalSection(ProjectConfigurationPlatforms) = postSolution
		{296D7CE4-8816-4586-A0EC-644D8E0D0586}.Debug|Any CPU.ActiveCfg = Debug|Any CPU
		{296D7CE4-8816-4586-A0EC-644D8E0D0586}.Debug|Any CPU.Build.0 = Debug|Any CPU
		{296D7CE4-8816-4586-A0EC-644D8E0D0586}.Debug|x64.ActiveCfg = Debug|Any CPU
		{296D7CE4-8816-4586-A0EC-644D8E0D0586}.Debug|x64.Build.0 = Debug|Any CPU
		{296D7CE4-8816-4586-A0EC-644D8E0D0586}.Debug|x86.ActiveCfg = Debug|Any CPU
		{296D7CE4-8816-4586-A0EC-644D8E0D0586}.Debug|x86.Build.0 = Debug|Any CPU
		{296D7CE4-8816-4586-A0EC-644D8E0D0586}.Release|Any CPU.ActiveCfg = Release|Any CPU
		{296D7CE4-8816-4586-A0EC-644D8E0D0586}.Release|Any CPU.Build.0 = Release|Any CPU
		{296D7CE4-8816-4586-A0EC-644D8E0D0586}.Release|x64.ActiveCfg = Release|Any CPU
		{296D7CE4-8816-4586-A0EC-644D8E0D0586}.Release|x64.Build.0 = Release|Any CPU
		{296D7CE4-8816-4586-A0EC-644D8E0D0586}.Release|x86.ActiveCfg = Release|Any CPU
		{296D7CE4-8816-4586-A0EC-644D8E0D0586}.Release|x86.Build.0 = Release|Any CPU
		{8BF3661A-A6D7-4D5E-BA90-A0C03FD510B9}.Debug|Any CPU.ActiveCfg = Debug|Any CPU
		{8BF3661A-A6D7-4D5E-BA90-A0C03FD510B9}.Debug|Any CPU.Build.0 = Debug|Any CPU
		{8BF3661A-A6D7-4D5E-BA90-A0C03FD510B9}.Debug|x64.ActiveCfg = Debug|Any CPU
		{8BF3661A-A6D7-4D5E-BA90-A0C03FD510B9}.Debug|x64.Build.0 = Debug|Any CPU
		{8BF3661A-A6D7-4D5E-BA90-A0C03FD510B9}.Debug|x86.ActiveCfg = Debug|Any CPU
		{8BF3661A-A6D7-4D5E-BA90-A0C03FD510B9}.Debug|x86.Build.0 = Debug|Any CPU
		{8BF3661A-A6D7-4D5E-BA90-A0C03FD510B9}.Release|Any CPU.ActiveCfg = Release|Any CPU
		{8BF3661A-A6D7-4D5E-BA90-A0C03FD510B9}.Release|Any CPU.Build.0 = Release|Any CPU
		{8BF3661A-A6D7-4D5E-BA90-A0C03FD510B9}.Release|x64.ActiveCfg = Release|Any CPU
		{8BF3661A-A6D7-4D5E-BA90-A0C03FD510B9}.Release|x64.Build.0 = Release|Any CPU
		{8BF3661A-A6D7-4D5E-BA90-A0C03FD510B9}.Release|x86.ActiveCfg = Release|Any CPU
		{8BF3661A-A6D7-4D5E-BA90-A0C03FD510B9}.Release|x86.Build.0 = Release|Any CPU
		{63B5D28A-FCC5-4B4E-A67B-2C52DE62CF81}.Debug|Any CPU.ActiveCfg = Debug|Any CPU
		{63B5D28A-FCC5-4B4E-A67B-2C52DE62CF81}.Debug|Any CPU.Build.0 = Debug|Any CPU
		{63B5D28A-FCC5-4B4E-A67B-2C52DE62CF81}.Debug|x64.ActiveCfg = Debug|Any CPU
		{63B5D28A-FCC5-4B4E-A67B-2C52DE62CF81}.Debug|x64.Build.0 = Debug|Any CPU
		{63B5D28A-FCC5-4B4E-A67B-2C52DE62CF81}.Debug|x86.ActiveCfg = Debug|Any CPU
		{63B5D28A-FCC5-4B4E-A67B-2C52DE62CF81}.Debug|x86.Build.0 = Debug|Any CPU
		{63B5D28A-FCC5-4B4E-A67B-2C52DE62CF81}.Release|Any CPU.ActiveCfg = Release|Any CPU
		{63B5D28A-FCC5-4B4E-A67B-2C52DE62CF81}.Release|Any CPU.Build.0 = Release|Any CPU
		{63B5D28A-FCC5-4B4E-A67B-2C52DE62CF81}.Release|x64.ActiveCfg = Release|Any CPU
		{63B5D28A-FCC5-4B4E-A67B-2C52DE62CF81}.Release|x64.Build.0 = Release|Any CPU
		{63B5D28A-FCC5-4B4E-A67B-2C52DE62CF81}.Release|x86.ActiveCfg = Release|Any CPU
		{63B5D28A-FCC5-4B4E-A67B-2C52DE62CF81}.Release|x86.Build.0 = Release|Any CPU
		{2C6DD7EB-38B0-4F74-90AE-F429ACE54819}.Debug|Any CPU.ActiveCfg = Debug|Any CPU
		{2C6DD7EB-38B0-4F74-90AE-F429ACE54819}.Debug|Any CPU.Build.0 = Debug|Any CPU
		{2C6DD7EB-38B0-4F74-90AE-F429ACE54819}.Debug|x64.ActiveCfg = Debug|Any CPU
		{2C6DD7EB-38B0-4F74-90AE-F429ACE54819}.Debug|x64.Build.0 = Debug|Any CPU
		{2C6DD7EB-38B0-4F74-90AE-F429ACE54819}.Debug|x86.ActiveCfg = Debug|Any CPU
		{2C6DD7EB-38B0-4F74-90AE-F429ACE54819}.Debug|x86.Build.0 = Debug|Any CPU
		{2C6DD7EB-38B0-4F74-90AE-F429ACE54819}.Release|Any CPU.ActiveCfg = Release|Any CPU
		{2C6DD7EB-38B0-4F74-90AE-F429ACE54819}.Release|Any CPU.Build.0 = Release|Any CPU
		{2C6DD7EB-38B0-4F74-90AE-F429ACE54819}.Release|x64.ActiveCfg = Release|Any CPU
		{2C6DD7EB-38B0-4F74-90AE-F429ACE54819}.Release|x64.Build.0 = Release|Any CPU
		{2C6DD7EB-38B0-4F74-90AE-F429ACE54819}.Release|x86.ActiveCfg = Release|Any CPU
		{2C6DD7EB-38B0-4F74-90AE-F429ACE54819}.Release|x86.Build.0 = Release|Any CPU
		{1BF1376C-819A-48EF-A886-6D54CC97DE5F}.Debug|Any CPU.ActiveCfg = Debug|Any CPU
		{1BF1376C-819A-48EF-A886-6D54CC97DE5F}.Debug|Any CPU.Build.0 = Debug|Any CPU
		{1BF1376C-819A-48EF-A886-6D54CC97DE5F}.Debug|x64.ActiveCfg = Debug|Any CPU
		{1BF1376C-819A-48EF-A886-6D54CC97DE5F}.Debug|x64.Build.0 = Debug|Any CPU
		{1BF1376C-819A-48EF-A886-6D54CC97DE5F}.Debug|x86.ActiveCfg = Debug|Any CPU
		{1BF1376C-819A-48EF-A886-6D54CC97DE5F}.Debug|x86.Build.0 = Debug|Any CPU
		{1BF1376C-819A-48EF-A886-6D54CC97DE5F}.Release|Any CPU.ActiveCfg = Release|Any CPU
		{1BF1376C-819A-48EF-A886-6D54CC97DE5F}.Release|Any CPU.Build.0 = Release|Any CPU
		{1BF1376C-819A-48EF-A886-6D54CC97DE5F}.Release|x64.ActiveCfg = Release|Any CPU
		{1BF1376C-819A-48EF-A886-6D54CC97DE5F}.Release|x64.Build.0 = Release|Any CPU
		{1BF1376C-819A-48EF-A886-6D54CC97DE5F}.Release|x86.ActiveCfg = Release|Any CPU
		{1BF1376C-819A-48EF-A886-6D54CC97DE5F}.Release|x86.Build.0 = Release|Any CPU
		{72C5BE52-153F-4C99-850B-1BA155CD9D78}.Debug|Any CPU.ActiveCfg = Debug|Any CPU
		{72C5BE52-153F-4C99-850B-1BA155CD9D78}.Debug|Any CPU.Build.0 = Debug|Any CPU
		{72C5BE52-153F-4C99-850B-1BA155CD9D78}.Debug|x64.ActiveCfg = Debug|Any CPU
		{72C5BE52-153F-4C99-850B-1BA155CD9D78}.Debug|x64.Build.0 = Debug|Any CPU
		{72C5BE52-153F-4C99-850B-1BA155CD9D78}.Debug|x86.ActiveCfg = Debug|Any CPU
		{72C5BE52-153F-4C99-850B-1BA155CD9D78}.Debug|x86.Build.0 = Debug|Any CPU
		{72C5BE52-153F-4C99-850B-1BA155CD9D78}.Release|Any CPU.ActiveCfg = Release|Any CPU
		{72C5BE52-153F-4C99-850B-1BA155CD9D78}.Release|Any CPU.Build.0 = Release|Any CPU
		{72C5BE52-153F-4C99-850B-1BA155CD9D78}.Release|x64.ActiveCfg = Release|Any CPU
		{72C5BE52-153F-4C99-850B-1BA155CD9D78}.Release|x64.Build.0 = Release|Any CPU
		{72C5BE52-153F-4C99-850B-1BA155CD9D78}.Release|x86.ActiveCfg = Release|Any CPU
		{72C5BE52-153F-4C99-850B-1BA155CD9D78}.Release|x86.Build.0 = Release|Any CPU
		{0EB526BC-9EFE-48FC-BD9A-0A172F4F6ABF}.Debug|Any CPU.ActiveCfg = Debug|Any CPU
		{0EB526BC-9EFE-48FC-BD9A-0A172F4F6ABF}.Debug|Any CPU.Build.0 = Debug|Any CPU
		{0EB526BC-9EFE-48FC-BD9A-0A172F4F6ABF}.Debug|x64.ActiveCfg = Debug|Any CPU
		{0EB526BC-9EFE-48FC-BD9A-0A172F4F6ABF}.Debug|x64.Build.0 = Debug|Any CPU
		{0EB526BC-9EFE-48FC-BD9A-0A172F4F6ABF}.Debug|x86.ActiveCfg = Debug|Any CPU
		{0EB526BC-9EFE-48FC-BD9A-0A172F4F6ABF}.Debug|x86.Build.0 = Debug|Any CPU
		{0EB526BC-9EFE-48FC-BD9A-0A172F4F6ABF}.Release|Any CPU.ActiveCfg = Release|Any CPU
		{0EB526BC-9EFE-48FC-BD9A-0A172F4F6ABF}.Release|Any CPU.Build.0 = Release|Any CPU
		{0EB526BC-9EFE-48FC-BD9A-0A172F4F6ABF}.Release|x64.ActiveCfg = Release|Any CPU
		{0EB526BC-9EFE-48FC-BD9A-0A172F4F6ABF}.Release|x64.Build.0 = Release|Any CPU
		{0EB526BC-9EFE-48FC-BD9A-0A172F4F6ABF}.Release|x86.ActiveCfg = Release|Any CPU
		{0EB526BC-9EFE-48FC-BD9A-0A172F4F6ABF}.Release|x86.Build.0 = Release|Any CPU
		{D5FD95B6-8C56-4A17-AD10-A53100683195}.Debug|Any CPU.ActiveCfg = Debug|Any CPU
		{D5FD95B6-8C56-4A17-AD10-A53100683195}.Debug|Any CPU.Build.0 = Debug|Any CPU
		{D5FD95B6-8C56-4A17-AD10-A53100683195}.Debug|x64.ActiveCfg = Debug|Any CPU
		{D5FD95B6-8C56-4A17-AD10-A53100683195}.Debug|x64.Build.0 = Debug|Any CPU
		{D5FD95B6-8C56-4A17-AD10-A53100683195}.Debug|x86.ActiveCfg = Debug|Any CPU
		{D5FD95B6-8C56-4A17-AD10-A53100683195}.Debug|x86.Build.0 = Debug|Any CPU
		{D5FD95B6-8C56-4A17-AD10-A53100683195}.Release|Any CPU.ActiveCfg = Release|Any CPU
		{D5FD95B6-8C56-4A17-AD10-A53100683195}.Release|Any CPU.Build.0 = Release|Any CPU
		{D5FD95B6-8C56-4A17-AD10-A53100683195}.Release|x64.ActiveCfg = Release|Any CPU
		{D5FD95B6-8C56-4A17-AD10-A53100683195}.Release|x64.Build.0 = Release|Any CPU
		{D5FD95B6-8C56-4A17-AD10-A53100683195}.Release|x86.ActiveCfg = Release|Any CPU
		{D5FD95B6-8C56-4A17-AD10-A53100683195}.Release|x86.Build.0 = Release|Any CPU
		{17485253-4459-42EE-B8BC-9301029B7D6F}.Debug|Any CPU.ActiveCfg = Debug|Any CPU
		{17485253-4459-42EE-B8BC-9301029B7D6F}.Debug|Any CPU.Build.0 = Debug|Any CPU
		{17485253-4459-42EE-B8BC-9301029B7D6F}.Debug|x64.ActiveCfg = Debug|Any CPU
		{17485253-4459-42EE-B8BC-9301029B7D6F}.Debug|x64.Build.0 = Debug|Any CPU
		{17485253-4459-42EE-B8BC-9301029B7D6F}.Debug|x86.ActiveCfg = Debug|Any CPU
		{17485253-4459-42EE-B8BC-9301029B7D6F}.Debug|x86.Build.0 = Debug|Any CPU
		{17485253-4459-42EE-B8BC-9301029B7D6F}.Release|Any CPU.ActiveCfg = Release|Any CPU
		{17485253-4459-42EE-B8BC-9301029B7D6F}.Release|Any CPU.Build.0 = Release|Any CPU
		{17485253-4459-42EE-B8BC-9301029B7D6F}.Release|x64.ActiveCfg = Release|Any CPU
		{17485253-4459-42EE-B8BC-9301029B7D6F}.Release|x64.Build.0 = Release|Any CPU
		{17485253-4459-42EE-B8BC-9301029B7D6F}.Release|x86.ActiveCfg = Release|Any CPU
		{17485253-4459-42EE-B8BC-9301029B7D6F}.Release|x86.Build.0 = Release|Any CPU
		{9BCBCE12-0997-4D7B-A2BF-87AB190FFA1F}.Debug|Any CPU.ActiveCfg = Debug|Any CPU
		{9BCBCE12-0997-4D7B-A2BF-87AB190FFA1F}.Debug|Any CPU.Build.0 = Debug|Any CPU
		{9BCBCE12-0997-4D7B-A2BF-87AB190FFA1F}.Debug|x64.ActiveCfg = Debug|Any CPU
		{9BCBCE12-0997-4D7B-A2BF-87AB190FFA1F}.Debug|x64.Build.0 = Debug|Any CPU
		{9BCBCE12-0997-4D7B-A2BF-87AB190FFA1F}.Debug|x86.ActiveCfg = Debug|Any CPU
		{9BCBCE12-0997-4D7B-A2BF-87AB190FFA1F}.Debug|x86.Build.0 = Debug|Any CPU
		{9BCBCE12-0997-4D7B-A2BF-87AB190FFA1F}.Release|Any CPU.ActiveCfg = Release|Any CPU
		{9BCBCE12-0997-4D7B-A2BF-87AB190FFA1F}.Release|Any CPU.Build.0 = Release|Any CPU
		{9BCBCE12-0997-4D7B-A2BF-87AB190FFA1F}.Release|x64.ActiveCfg = Release|Any CPU
		{9BCBCE12-0997-4D7B-A2BF-87AB190FFA1F}.Release|x64.Build.0 = Release|Any CPU
		{9BCBCE12-0997-4D7B-A2BF-87AB190FFA1F}.Release|x86.ActiveCfg = Release|Any CPU
		{9BCBCE12-0997-4D7B-A2BF-87AB190FFA1F}.Release|x86.Build.0 = Release|Any CPU
		{8CDEB7B9-41CA-476A-A672-C7C85D5A2402}.Debug|Any CPU.ActiveCfg = Debug|Any CPU
		{8CDEB7B9-41CA-476A-A672-C7C85D5A2402}.Debug|Any CPU.Build.0 = Debug|Any CPU
		{8CDEB7B9-41CA-476A-A672-C7C85D5A2402}.Debug|x64.ActiveCfg = Debug|Any CPU
		{8CDEB7B9-41CA-476A-A672-C7C85D5A2402}.Debug|x64.Build.0 = Debug|Any CPU
		{8CDEB7B9-41CA-476A-A672-C7C85D5A2402}.Debug|x86.ActiveCfg = Debug|Any CPU
		{8CDEB7B9-41CA-476A-A672-C7C85D5A2402}.Debug|x86.Build.0 = Debug|Any CPU
		{8CDEB7B9-41CA-476A-A672-C7C85D5A2402}.Release|Any CPU.ActiveCfg = Release|Any CPU
		{8CDEB7B9-41CA-476A-A672-C7C85D5A2402}.Release|Any CPU.Build.0 = Release|Any CPU
		{8CDEB7B9-41CA-476A-A672-C7C85D5A2402}.Release|x64.ActiveCfg = Release|Any CPU
		{8CDEB7B9-41CA-476A-A672-C7C85D5A2402}.Release|x64.Build.0 = Release|Any CPU
		{8CDEB7B9-41CA-476A-A672-C7C85D5A2402}.Release|x86.ActiveCfg = Release|Any CPU
		{8CDEB7B9-41CA-476A-A672-C7C85D5A2402}.Release|x86.Build.0 = Release|Any CPU
		{92A311C9-C6DD-4CA8-ABE8-07055FD36D39}.Debug|Any CPU.ActiveCfg = Debug|Any CPU
		{92A311C9-C6DD-4CA8-ABE8-07055FD36D39}.Debug|Any CPU.Build.0 = Debug|Any CPU
		{92A311C9-C6DD-4CA8-ABE8-07055FD36D39}.Debug|x64.ActiveCfg = Debug|Any CPU
		{92A311C9-C6DD-4CA8-ABE8-07055FD36D39}.Debug|x64.Build.0 = Debug|Any CPU
		{92A311C9-C6DD-4CA8-ABE8-07055FD36D39}.Debug|x86.ActiveCfg = Debug|Any CPU
		{92A311C9-C6DD-4CA8-ABE8-07055FD36D39}.Debug|x86.Build.0 = Debug|Any CPU
		{92A311C9-C6DD-4CA8-ABE8-07055FD36D39}.Release|Any CPU.ActiveCfg = Release|Any CPU
		{92A311C9-C6DD-4CA8-ABE8-07055FD36D39}.Release|Any CPU.Build.0 = Release|Any CPU
		{92A311C9-C6DD-4CA8-ABE8-07055FD36D39}.Release|x64.ActiveCfg = Release|Any CPU
		{92A311C9-C6DD-4CA8-ABE8-07055FD36D39}.Release|x64.Build.0 = Release|Any CPU
		{92A311C9-C6DD-4CA8-ABE8-07055FD36D39}.Release|x86.ActiveCfg = Release|Any CPU
		{92A311C9-C6DD-4CA8-ABE8-07055FD36D39}.Release|x86.Build.0 = Release|Any CPU
		{1FD2E135-9531-44E8-848F-A4AFED409063}.Debug|Any CPU.ActiveCfg = Debug|Any CPU
		{1FD2E135-9531-44E8-848F-A4AFED409063}.Debug|Any CPU.Build.0 = Debug|Any CPU
		{1FD2E135-9531-44E8-848F-A4AFED409063}.Debug|x64.ActiveCfg = Debug|Any CPU
		{1FD2E135-9531-44E8-848F-A4AFED409063}.Debug|x64.Build.0 = Debug|Any CPU
		{1FD2E135-9531-44E8-848F-A4AFED409063}.Debug|x86.ActiveCfg = Debug|Any CPU
		{1FD2E135-9531-44E8-848F-A4AFED409063}.Debug|x86.Build.0 = Debug|Any CPU
		{1FD2E135-9531-44E8-848F-A4AFED409063}.Release|Any CPU.ActiveCfg = Release|Any CPU
		{1FD2E135-9531-44E8-848F-A4AFED409063}.Release|Any CPU.Build.0 = Release|Any CPU
		{1FD2E135-9531-44E8-848F-A4AFED409063}.Release|x64.ActiveCfg = Release|Any CPU
		{1FD2E135-9531-44E8-848F-A4AFED409063}.Release|x64.Build.0 = Release|Any CPU
		{1FD2E135-9531-44E8-848F-A4AFED409063}.Release|x86.ActiveCfg = Release|Any CPU
		{1FD2E135-9531-44E8-848F-A4AFED409063}.Release|x86.Build.0 = Release|Any CPU
	EndGlobalSection
	GlobalSection(SolutionProperties) = preSolution
		HideSolutionNode = FALSE
	EndGlobalSection
	GlobalSection(NestedProjects) = preSolution
		{296D7CE4-8816-4586-A0EC-644D8E0D0586} = {827E0CD3-B72D-47B6-A68D-7590B98EB39B}
		{8BF3661A-A6D7-4D5E-BA90-A0C03FD510B9} = {827E0CD3-B72D-47B6-A68D-7590B98EB39B}
		{63B5D28A-FCC5-4B4E-A67B-2C52DE62CF81} = {827E0CD3-B72D-47B6-A68D-7590B98EB39B}
		{2C6DD7EB-38B0-4F74-90AE-F429ACE54819} = {827E0CD3-B72D-47B6-A68D-7590B98EB39B}
		{1BF1376C-819A-48EF-A886-6D54CC97DE5F} = {827E0CD3-B72D-47B6-A68D-7590B98EB39B}
		{72C5BE52-153F-4C99-850B-1BA155CD9D78} = {827E0CD3-B72D-47B6-A68D-7590B98EB39B}
		{0EB526BC-9EFE-48FC-BD9A-0A172F4F6ABF} = {0AB3BF05-4346-4AA6-1389-037BE0695223}
		{D5FD95B6-8C56-4A17-AD10-A53100683195} = {0AB3BF05-4346-4AA6-1389-037BE0695223}
		{17485253-4459-42EE-B8BC-9301029B7D6F} = {0AB3BF05-4346-4AA6-1389-037BE0695223}
		{9BCBCE12-0997-4D7B-A2BF-87AB190FFA1F} = {0AB3BF05-4346-4AA6-1389-037BE0695223}
		{8CDEB7B9-41CA-476A-A672-C7C85D5A2402} = {827E0CD3-B72D-47B6-A68D-7590B98EB39B}
		{92A311C9-C6DD-4CA8-ABE8-07055FD36D39} = {827E0CD3-B72D-47B6-A68D-7590B98EB39B}
		{1FD2E135-9531-44E8-848F-A4AFED409063} = {0AB3BF05-4346-4AA6-1389-037BE0695223}
	EndGlobalSection
EndGlobal
